# This file is automatically @generated by Cargo.
# It is not intended for manual editing.
version = 3

[[package]]
name = "bindings"
version = "0.1.0"
dependencies = [
 "windows",
]

[[package]]
name = "const-sha1"
version = "0.2.0"
source = "registry+https://github.com/rust-lang/crates.io-index"
checksum = "fb58b6451e8c2a812ad979ed1d83378caa5e927eef2622017a45f251457c2c9d"

[[package]]
name = "proc-macro2"
version = "1.0.36"
source = "registry+https://github.com/rust-lang/crates.io-index"
checksum = "c7342d5883fbccae1cc37a2353b09c87c9b0f3afd73f5fb9bba687a1f733b029"
dependencies = [
 "unicode-xid",
]

[[package]]
name = "quote"
version = "1.0.15"
source = "registry+https://github.com/rust-lang/crates.io-index"
checksum = "864d3e96a899863136fc6e99f3d7cae289dafe43bf2c5ac19b70df7210c0a145"
dependencies = [
 "proc-macro2",
]

[[package]]
name = "syn"
version = "1.0.86"
source = "registry+https://github.com/rust-lang/crates.io-index"
checksum = "8a65b3f4ffa0092e9887669db0eae07941f023991ab58ea44da8fe8e2d511c6b"
dependencies = [
 "proc-macro2",
 "quote",
 "unicode-xid",
]

[[package]]
name = "unicode-xid"
version = "0.2.2"
source = "registry+https://github.com/rust-lang/crates.io-index"
checksum = "8ccb82d61f80a663efe1f787a51b16b5a51e3314d6ac365b08639f52387b33f3"

[[package]]
name = "wav_play"
version = "0.1.0"
dependencies = [
 "bindings",
 "windows",
]

[[package]]
name = "windows"
version = "0.9.1"
source = "registry+https://github.com/rust-lang/crates.io-index"
checksum = "361f3533a83ee1a28c9be59683f40043db02dbedf6479ce8795657386195c97f"
dependencies = [
 "const-sha1",
 "windows_gen",
 "windows_macros",
]

[[package]]
name = "windows_gen"
version = "0.9.1"
source = "registry+https://github.com/rust-lang/crates.io-index"
checksum = "54154dbc515d58723f6b6053c12f1065da7389f733660581b2391bd1af480452"
dependencies = [
 "syn",
]

[[package]]
name = "windows_macros"
version = "0.9.1"
source = "registry+https://github.com/rust-lang/crates.io-index"
checksum = "0f7794c652845dc466cb8dc1b86c08345707c8144bc53e9086430047c7d33b76"
dependencies = [
 "syn",
 "windows_gen",
]
